{
  "name": "confusion",
  "version": "1.0.0",
  "lockfileVersion": 1,
  "dependencies": {
    "gh-pages-travis": {
      "version": "1.0.4",
      "resolved": "https://registry.npmjs.org/gh-pages-travis/-/gh-pages-travis-1.0.4.tgz",
      "integrity": "sha1-tPkYvG1yP8Fg04CwoBFnII+L+Kc=",
      "dev": true
    }
  }
}
